// !$*UTF8*$!
{
	archiveVersion = 1;
	classes = {
	};
	objectVersion = 77;
	objects = {

/* Begin PBXBuildFile section */
		514484F22FC502D20062284B /* WidgetKit.framework in Frameworks */ = {isa = PBXBuildFile; fileRef = 514484F12FC502D20062284B /* WidgetKit.framework */; };
		514484F42FC502D20062284B /* SwiftUI.framework in Frameworks */ = {isa = PBXBuildFile; fileRef = 514484F32FC502D20062284B /* SwiftUI.framework */; };
		514485052FC502D20062284B /* AvenorWidgetExtension.appex in Embed Foundation Extensions */ = {isa = PBXBuildFile; fileRef = 514484EF2FC502D20062284B /* AvenorWidgetExtension.appex */; settings = {ATTRIBUTES = (RemoveHeadersOnCopy, ); }; };
/* End PBXBuildFile section */

/* Begin PBXContainerItemProxy section */
		512919A02FE0B7AB0006B6FD /* PBXContainerItemProxy */ = {
			isa = PBXContainerItemProxy;
			containerPortal = C4AD5FEF2F32E37D00A6E23A /* Project object */;
			proxyType = 1;
			remoteGlobalIDString = 512919922FE0B7A90006B6FD;
			remoteInfo = PlannerMac;
		};
		512919AA2FE0B7AB0006B6FD /* PBXContainerItemProxy */ = {
			isa = PBXContainerItemProxy;
			containerPortal = C4AD5FEF2F32E37D00A6E23A /* Project object */;
			proxyType = 1;
			remoteGlobalIDString = 512919922FE0B7A90006B6FD;
			remoteInfo = PlannerMac;
		};
		514485032FC502D20062284B /* PBXContainerItemProxy */ = {
			isa = PBXContainerItemProxy;
			containerPortal = C4AD5FEF2F32E37D00A6E23A /* Project object */;
			proxyType = 1;
			remoteGlobalIDString = 514484EE2FC502D20062284B;
			remoteInfo = AvenorWidgetExtension;
		};
		514485882FC5E7950062284B /* PBXContainerItemProxy */ = {
			isa = PBXContainerItemProxy;
			containerPortal = C4AD5FEF2F32E37D00A6E23A /* Project object */;
			proxyType = 1;
			remoteGlobalIDString = 514484EE2FC502D20062284B;
			remoteInfo = AvenorWidgetExtension;
		};
		517D9EBF2FD3B0E800E89EBD /* PBXContainerItemProxy */ = {
			isa = PBXContainerItemProxy;
			containerPortal = C4AD5FEF2F32E37D00A6E23A /* Project object */;
			proxyType = 1;
			remoteGlobalIDString = C4AD5FF62F32E37D00A6E23A;
			remoteInfo = Planner;
		};
/* End PBXContainerItemProxy section */

/* Begin PBXCopyFilesBuildPhase section */
		5144850A2FC502D20062284B /* Embed Foundation Extensions */ = {
			isa = PBXCopyFilesBuildPhase;
			buildActionMask = 2147483647;
			dstPath = "";
			dstSubfolderSpec = 13;
			files = (
				514485052FC502D20062284B /* AvenorWidgetExtension.appex in Embed Foundation Extensions */,
			);
			name = "Embed Foundation Extensions";
			runOnlyForDeploymentPostprocessing = 0;
		};
/* End PBXCopyFilesBuildPhase section */

/* Begin PBXFileReference section */
		512919932FE0B7A90006B6FD /* PlannerMac.app */ = {isa = PBXFileReference; explicitFileType = wrapper.application; includeInIndex = 0; path = PlannerMac.app; sourceTree = BUILT_PRODUCTS_DIR; };
		5129199F2FE0B7AB0006B6FD /* PlannerMacTests.xctest */ = {isa = PBXFileReference; explicitFileType = wrapper.cfbundle; includeInIndex = 0; path = PlannerMacTests.xctest; sourceTree = BUILT_PRODUCTS_DIR; };
		512919A92FE0B7AB0006B6FD /* PlannerMacUITests.xctest */ = {isa = PBXFileReference; explicitFileType = wrapper.cfbundle; includeInIndex = 0; path = PlannerMacUITests.xctest; sourceTree = BUILT_PRODUCTS_DIR; };
		514484EF2FC502D20062284B /* AvenorWidgetExtension.appex */ = {isa = PBXFileReference; explicitFileType = "wrapper.app-extension"; includeInIndex = 0; path = AvenorWidgetExtension.appex; sourceTree = BUILT_PRODUCTS_DIR; };
		514484F12FC502D20062284B /* WidgetKit.framework */ = {isa = PBXFileReference; lastKnownFileType = wrapper.framework; name = WidgetKit.framework; path = System/Library/Frameworks/WidgetKit.framework; sourceTree = SDKROOT; };
		514484F32FC502D20062284B /* SwiftUI.framework */ = {isa = PBXFileReference; lastKnownFileType = wrapper.framework; name = SwiftUI.framework; path = System/Library/Frameworks/SwiftUI.framework; sourceTree = SDKROOT; };
		51779B0C2FCFABD0008DEA01 /* AvenorWidgetExtension.entitlements */ = {isa = PBXFileReference; lastKnownFileType = text.plist.entitlements; path = AvenorWidgetExtension.entitlements; sourceTree = "<group>"; };
		517D9EBB2FD3B0E800E89EBD /* PlannerTests.xctest */ = {isa = PBXFileReference; explicitFileType = wrapper.cfbundle; includeInIndex = 0; path = PlannerTests.xctest; sourceTree = BUILT_PRODUCTS_DIR; };
		517D9ECC2FD3D11500E89EBD /* Planner.xctestplan */ = {isa = PBXFileReference; lastKnownFileType = text; path = Planner.xctestplan; sourceTree = "<group>"; };
		C4AD5FF72F32E37D00A6E23A /* Avenor.app */ = {isa = PBXFileReference; explicitFileType = wrapper.application; includeInIndex = 0; path = Avenor.app; sourceTree = BUILT_PRODUCTS_DIR; };
/* End PBXFileReference section */

/* Begin PBXFileSystemSynchronizedBuildFileExceptionSet section */
		513C12DE2FE0BABE002FD18B /* Exceptions for "Planner" folder in "PlannerMac" target */ = {
			isa = PBXFileSystemSynchronizedBuildFileExceptionSet;
			membershipExceptions = (
				DesignSystem/DesignTokens.swift,
				DesignSystem/ThemePalette.swift,
				Models/Models.swift,
				Models/PersistentModels.swift,
				Services/AvenorIntents.swift,
				Services/AvenorShortcuts.swift,
				Services/CalendarKitService.swift,
				Services/CaptureParser.swift,
				Services/ConflictResolver.swift,
				Services/GoalConversionMigration.swift,
				Services/GoalMutator.swift,
				Services/LifecycleAutomation.swift,
				Services/NotificationManager.swift,
				Services/SmartCaptureEngine.swift,
				Services/TaskMutator.swift,
				Services/WidgetActionApplier.swift,
				Services/WidgetSnapshotPublisher.swift,
				Shared/WidgetSharedModels.swift,
				Utilities/DateFormatting.swift,
				Utilities/MarkdownRenderer.swift,
				Utilities/TaskCalendarService.swift,
				ViewModels/AppStore.swift,
				ViewModels/LocalStore.swift,
				ViewModels/MigrationService.swift,
				Views/CommonViews.swift,
				Views/GoalIncrementSwipeRow.swift,
				Views/GoalsViews.swift,
				Views/Motion/KineticMotion.swift,
				Views/Motion/LivingMeshBackground.swift,
				Views/RecurrenceTemplateSheet.swift,
				Views/SheetComponents.swift,
				Views/StarkCaptureBar.swift,
				Views/StarkEmptyState.swift,
				Views/StarkSwipeRow.swift,
				Views/TasksViews.swift,
			);
			target = 512919922FE0B7A90006B6FD /* PlannerMac */;
		};
		514485062FC502D20062284B /* Exceptions for "AvenorWidget" folder in "AvenorWidgetExtension" target */ = {
			isa = PBXFileSystemSynchronizedBuildFileExceptionSet;
			membershipExceptions = (
				Info.plist,
			);
			target = 514484EE2FC502D20062284B /* AvenorWidgetExtension */;
		};
		514485162FC505B10062284B /* Exceptions for "Planner" folder in "AvenorWidgetExtension" target */ = {
			isa = PBXFileSystemSynchronizedBuildFileExceptionSet;
			membershipExceptions = (
				Shared/WidgetSharedModels.swift,
			);
			target = 514484EE2FC502D20062284B /* AvenorWidgetExtension */;
		};
		51779B0E2FCFAD3F008DEA01 /* Exceptions for "Planner" folder in "Planner" target */ = {
			isa = PBXFileSystemSynchronizedBuildFileExceptionSet;
			membershipExceptions = (
				Info.plist,
			);
			target = C4AD5FF62F32E37D00A6E23A /* Planner */;
		};
/* End PBXFileSystemSynchronizedBuildFileExceptionSet section */

/* Begin PBXFileSystemSynchronizedRootGroup section */
		512919942FE0B7A90006B6FD /* PlannerMac */ = {
			isa = PBXFileSystemSynchronizedRootGroup;
			path = PlannerMac;
			sourceTree = "<group>";
		};
		512919A22FE0B7AB0006B6FD /* PlannerMacTests */ = {
			isa = PBXFileSystemSynchronizedRootGroup;
			path = PlannerMacTests;
			sourceTree = "<group>";
		};
		512919AC2FE0B7AB0006B6FD /* PlannerMacUITests */ = {
			isa = PBXFileSystemSynchronizedRootGroup;
			path = PlannerMacUITests;
			sourceTree = "<group>";
		};
		514484F52FC502D20062284B /* AvenorWidget */ = {
			isa = PBXFileSystemSynchronizedRootGroup;
			exceptions = (
				514485062FC502D20062284B /* Exceptions for "AvenorWidget" folder in "AvenorWidgetExtension" target */,
			);
			path = AvenorWidget;
			sourceTree = "<group>";
		};
		517D9EBC2FD3B0E800E89EBD /* PlannerTests */ = {
			isa = PBXFileSystemSynchronizedRootGroup;
			path = PlannerTests;
			sourceTree = "<group>";
		};
		C4AD5FF92F32E37D00A6E23A /* Planner */ = {
			isa = PBXFileSystemSynchronizedRootGroup;
			exceptions = (
				51779B0E2FCFAD3F008DEA01 /* Exceptions for "Planner" folder in "Planner" target */,
				514485162FC505B10062284B /* Exceptions for "Planner" folder in "AvenorWidgetExtension" target */,
				513C12DE2FE0BABE002FD18B /* Exceptions for "Planner" folder in "PlannerMac" target */,
			);
			path = Planner;
			sourceTree = "<group>";
		};
/* End PBXFileSystemSynchronizedRootGroup section */

/* Begin PBXFrameworksBuildPhase section */
		512919902FE0B7A90006B6FD /* Frameworks */ = {
			isa = PBXFrameworksBuildPhase;
			buildActionMask = 2147483647;
			files = (
			);
			runOnlyForDeploymentPostprocessing = 0;
		};
		5129199C2FE0B7AB0006B6FD /* Frameworks */ = {
			isa = PBXFrameworksBuildPhase;
			buildActionMask = 2147483647;
			files = (
			);
			runOnlyForDeploymentPostprocessing = 0;
		};
		512919A62FE0B7AB0006B6FD /* Frameworks */ = {
			isa = PBXFrameworksBuildPhase;
			buildActionMask = 2147483647;
			files = (
			);
			runOnlyForDeploymentPostprocessing = 0;
		};
		514484EC2FC502D20062284B /* Frameworks */ = {
			isa = PBXFrameworksBuildPhase;
			buildActionMask = 2147483647;
			files = (
				514484F42FC502D20062284B /* SwiftUI.framework in Frameworks */,
				514484F22FC502D20062284B /* WidgetKit.framework in Frameworks */,
			);
			runOnlyForDeploymentPostprocessing = 0;
		};
		517D9EB82FD3B0E800E89EBD /* Frameworks */ = {
			isa = PBXFrameworksBuildPhase;
			buildActionMask = 2147483647;
			files = (
			);
			runOnlyForDeploymentPostprocessing = 0;
		};
		C4AD5FF42F32E37D00A6E23A /* Frameworks */ = {
			isa = PBXFrameworksBuildPhase;
			buildActionMask = 2147483647;
			files = (
			);
			runOnlyForDeploymentPostprocessing = 0;
		};
/* End PBXFrameworksBuildPhase section */

/* Begin PBXGroup section */
		514484F02FC502D20062284B /* Frameworks */ = {
			isa = PBXGroup;
			children = (
				514484F12FC502D20062284B /* WidgetKit.framework */,
				514484F32FC502D20062284B /* SwiftUI.framework */,
			);
			name = Frameworks;
			sourceTree = "<group>";
		};
		C4AD5FEE2F32E37D00A6E23A = {
			isa = PBXGroup;
			children = (
				517D9ECC2FD3D11500E89EBD /* Planner.xctestplan */,
				51779B0C2FCFABD0008DEA01 /* AvenorWidgetExtension.entitlements */,
				C4AD5FF92F32E37D00A6E23A /* Planner */,
				514484F52FC502D20062284B /* AvenorWidget */,
				517D9EBC2FD3B0E800E89EBD /* PlannerTests */,
				512919942FE0B7A90006B6FD /* PlannerMac */,
				512919A22FE0B7AB0006B6FD /* PlannerMacTests */,
				512919AC2FE0B7AB0006B6FD /* PlannerMacUITests */,
				514484F02FC502D20062284B /* Frameworks */,
				C4AD5FF82F32E37D00A6E23A /* Products */,
			);
			sourceTree = "<group>";
		};
		C4AD5FF82F32E37D00A6E23A /* Products */ = {
			isa = PBXGroup;
			children = (
				C4AD5FF72F32E37D00A6E23A /* Avenor.app */,
				514484EF2FC502D20062284B /* AvenorWidgetExtension.appex */,
				517D9EBB2FD3B0E800E89EBD /* PlannerTests.xctest */,
				512919932FE0B7A90006B6FD /* PlannerMac.app */,
				5129199F2FE0B7AB0006B6FD /* PlannerMacTests.xctest */,
				512919A92FE0B7AB0006B6FD /* PlannerMacUITests.xctest */,
			);
			name = Products;
			sourceTree = "<group>";
		};
/* End PBXGroup section */

/* Begin PBXNativeTarget section */
		512919922FE0B7A90006B6FD /* PlannerMac */ = {
			isa = PBXNativeTarget;
			buildConfigurationList = 512919B52FE0B7AB0006B6FD /* Build configuration list for PBXNativeTarget "PlannerMac" */;
			buildPhases = (
				5129198F2FE0B7A90006B6FD /* Sources */,
				512919902FE0B7A90006B6FD /* Frameworks */,
				512919912FE0B7A90006B6FD /* Resources */,
			);
			buildRules = (
			);
			dependencies = (
			);
			fileSystemSynchronizedGroups = (
				512919942FE0B7A90006B6FD /* PlannerMac */,
			);
			name = PlannerMac;
			packageProductDependencies = (
			);
			productName = PlannerMac;
			productReference = 512919932FE0B7A90006B6FD /* PlannerMac.app */;
			productType = "com.apple.product-type.application";
		};
		5129199E2FE0B7AB0006B6FD /* PlannerMacTests */ = {
			isa = PBXNativeTarget;
			buildConfigurationList = 512919B62FE0B7AB0006B6FD /* Build configuration list for PBXNativeTarget "PlannerMacTests" */;
			buildPhases = (
				5129199B2FE0B7AB0006B6FD /* Sources */,
				5129199C2FE0B7AB0006B6FD /* Frameworks */,
				5129199D2FE0B7AB0006B6FD /* Resources */,
			);
			buildRules = (
			);
			dependencies = (
				512919A12FE0B7AB0006B6FD /* PBXTargetDependency */,
			);
			fileSystemSynchronizedGroups = (
				512919A22FE0B7AB0006B6FD /* PlannerMacTests */,
			);
			name = PlannerMacTests;
			packageProductDependencies = (
			);
			productName = PlannerMacTests;
			productReference = 5129199F2FE0B7AB0006B6FD /* PlannerMacTests.xctest */;
			productType = "com.apple.product-type.bundle.unit-test";
		};
		512919A82FE0B7AB0006B6FD /* PlannerMacUITests */ = {
			isa = PBXNativeTarget;
			buildConfigurationList = 512919B72FE0B7AB0006B6FD /* Build configuration list for PBXNativeTarget "PlannerMacUITests" */;
			buildPhases = (
				512919A52FE0B7AB0006B6FD /* Sources */,
				512919A62FE0B7AB0006B6FD /* Frameworks */,
				512919A72FE0B7AB0006B6FD /* Resources */,
			);
			buildRules = (
			);
			dependencies = (
				512919AB2FE0B7AB0006B6FD /* PBXTargetDependency */,
			);
			fileSystemSynchronizedGroups = (
				512919AC2FE0B7AB0006B6FD /* PlannerMacUITests */,
			);
			name = PlannerMacUITests;
			packageProductDependencies = (
			);
			productName = PlannerMacUITests;
			productReference = 512919A92FE0B7AB0006B6FD /* PlannerMacUITests.xctest */;
			productType = "com.apple.product-type.bundle.ui-testing";
		};
		514484EE2FC502D20062284B /* AvenorWidgetExtension */ = {
			isa = PBXNativeTarget;
			buildConfigurationList = 514485072FC502D20062284B /* Build configuration list for PBXNativeTarget "AvenorWidgetExtension" */;
			buildPhases = (
				514484EB2FC502D20062284B /* Sources */,
				514484EC2FC502D20062284B /* Frameworks */,
				514484ED2FC502D20062284B /* Resources */,
			);
			buildRules = (
			);
			dependencies = (
			);
			fileSystemSynchronizedGroups = (
				514484F52FC502D20062284B /* AvenorWidget */,
			);
			name = AvenorWidgetExtension;
			packageProductDependencies = (
			);
			productName = AvenorWidgetExtension;
			productReference = 514484EF2FC502D20062284B /* AvenorWidgetExtension.appex */;
			productType = "com.apple.product-type.app-extension";
		};
		517D9EBA2FD3B0E800E89EBD /* PlannerTests */ = {
			isa = PBXNativeTarget;
			buildConfigurationList = 517D9EC32FD3B0E800E89EBD /* Build configuration list for PBXNativeTarget "PlannerTests" */;
			buildPhases = (
				517D9EB72FD3B0E800E89EBD /* Sources */,
				517D9EB82FD3B0E800E89EBD /* Frameworks */,
				517D9EB92FD3B0E800E89EBD /* Resources */,
			);
			buildRules = (
			);
			dependencies = (
				517D9EC02FD3B0E800E89EBD /* PBXTargetDependency */,
			);
			fileSystemSynchronizedGroups = (
				517D9EBC2FD3B0E800E89EBD /* PlannerTests */,
			);
			name = PlannerTests;
			packageProductDependencies = (
			);
			productName = PlannerTests;
			productReference = 517D9EBB2FD3B0E800E89EBD /* PlannerTests.xctest */;
			productType = "com.apple.product-type.bundle.unit-test";
		};
		C4AD5FF62F32E37D00A6E23A /* Planner */ = {
			isa = PBXNativeTarget;
			buildConfigurationList = C4AD60022F32E37D00A6E23A /* Build configuration list for PBXNativeTarget "Planner" */;
			buildPhases = (
				C4AD5FF32F32E37D00A6E23A /* Sources */,
				C4AD5FF42F32E37D00A6E23A /* Frameworks */,
				C4AD5FF52F32E37D00A6E23A /* Resources */,
				5144850A2FC502D20062284B /* Embed Foundation Extensions */,
			);
			buildRules = (
			);
			dependencies = (
				514485042FC502D20062284B /* PBXTargetDependency */,
				514485892FC5E7950062284B /* PBXTargetDependency */,
			);
			fileSystemSynchronizedGroups = (
				C4AD5FF92F32E37D00A6E23A /* Planner */,
			);
			name = Planner;
			packageProductDependencies = (
			);
			productName = Planner;
			productReference = C4AD5FF72F32E37D00A6E23A /* Avenor.app */;
			productType = "com.apple.product-type.application";
		};
/* End PBXNativeTarget section */

/* Begin PBXProject section */
		C4AD5FEF2F32E37D00A6E23A /* Project object */ = {
			isa = PBXProject;
			attributes = {
				BuildIndependentTargetsInParallel = 1;
				LastSwiftUpdateCheck = 2700;
				LastUpgradeCheck = 2650;
				TargetAttributes = {
					512919922FE0B7A90006B6FD = {
						CreatedOnToolsVersion = 27.0;
					};
					5129199E2FE0B7AB0006B6FD = {
						CreatedOnToolsVersion = 27.0;
						TestTargetID = 512919922FE0B7A90006B6FD;
					};
					512919A82FE0B7AB0006B6FD = {
						CreatedOnToolsVersion = 27.0;
						TestTargetID = 512919922FE0B7A90006B6FD;
					};
					514484EE2FC502D20062284B = {
						CreatedOnToolsVersion = 26.5;
					};
					517D9EBA2FD3B0E800E89EBD = {
						CreatedOnToolsVersion = 26.5;
						TestTargetID = C4AD5FF62F32E37D00A6E23A;
					};
					C4AD5FF62F32E37D00A6E23A = {
						CreatedOnToolsVersion = 26.2;
					};
				};
			};
			buildConfigurationList = C4AD5FF22F32E37D00A6E23A /* Build configuration list for PBXProject "Planner" */;
			developmentRegion = en;
			hasScannedForEncodings = 0;
			knownRegions = (
				en,
				Base,
			);
			mainGroup = C4AD5FEE2F32E37D00A6E23A;
			minimizedProjectReferenceProxies = 1;
			preferredProjectObjectVersion = 77;
			productRefGroup = C4AD5FF82F32E37D00A6E23A /* Products */;
			projectDirPath = "";
			projectRoot = "";
			targets = (
				C4AD5FF62F32E37D00A6E23A /* Planner */,
				514484EE2FC502D20062284B /* AvenorWidgetExtension */,
				517D9EBA2FD3B0E800E89EBD /* PlannerTests */,
				512919922FE0B7A90006B6FD /* PlannerMac */,
				5129199E2FE0B7AB0006B6FD /* PlannerMacTests */,
				512919A82FE0B7AB0006B6FD /* PlannerMacUITests */,
			);
		};
/* End PBXProject section */

/* Begin PBXResourcesBuildPhase section */
		512919912FE0B7A90006B6FD /* Resources */ = {
			isa = PBXResourcesBuildPhase;
			buildActionMask = 2147483647;
			files = (
			);
			runOnlyForDeploymentPostprocessing = 0;
		};
		5129199D2FE0B7AB0006B6FD /* Resources */ = {
			isa = PBXResourcesBuildPhase;
			buildActionMask = 2147483647;
			files = (
			);
			runOnlyForDeploymentPostprocessing = 0;
		};
		512919A72FE0B7AB0006B6FD /* Resources */ = {
			isa = PBXResourcesBuildPhase;
			buildActionMask = 2147483647;
			files = (
			);
			runOnlyForDeploymentPostprocessing = 0;
		};
		514484ED2FC502D20062284B /* Resources */ = {
			isa = PBXResourcesBuildPhase;
			buildActionMask = 2147483647;
			files = (
			);
			runOnlyForDeploymentPostprocessing = 0;
		};
		517D9EB92FD3B0E800E89EBD /* Resources */ = {
			isa = PBXResourcesBuildPhase;
			buildActionMask = 2147483647;
			files = (
			);
			runOnlyForDeploymentPostprocessing = 0;
		};
		C4AD5FF52F32E37D00A6E23A /* Resources */ = {
			isa = PBXResourcesBuildPhase;
			buildActionMask = 2147483647;
			files = (
			);
			runOnlyForDeploymentPostprocessing = 0;
		};
/* End PBXResourcesBuildPhase section */

/* Begin PBXSourcesBuildPhase section */
		5129198F2FE0B7A90006B6FD /* Sources */ = {
			isa = PBXSourcesBuildPhase;
			buildActionMask = 2147483647;
			files = (
			);
			runOnlyForDeploymentPostprocessing = 0;
		};
		5129199B2FE0B7AB0006B6FD /* Sources */ = {
			isa = PBXSourcesBuildPhase;
			buildActionMask = 2147483647;
			files = (
			);
			runOnlyForDeploymentPostprocessing = 0;
		};
		512919A52FE0B7AB0006B6FD /* Sources */ = {
			isa = PBXSourcesBuildPhase;
			buildActionMask = 2147483647;
			files = (
			);
			runOnlyForDeploymentPostprocessing = 0;
		};
		514484EB2FC502D20062284B /* Sources */ = {
			isa = PBXSourcesBuildPhase;
			buildActionMask = 2147483647;
			files = (
			);
			runOnlyForDeploymentPostprocessing = 0;
		};
		517D9EB72FD3B0E800E89EBD /* Sources */ = {
			isa = PBXSourcesBuildPhase;
			buildActionMask = 2147483647;
			files = (
			);
			runOnlyForDeploymentPostprocessing = 0;
		};
		C4AD5FF32F32E37D00A6E23A /* Sources */ = {
			isa = PBXSourcesBuildPhase;
			buildActionMask = 2147483647;
			files = (
			);
			runOnlyForDeploymentPostprocessing = 0;
		};
/* End PBXSourcesBuildPhase section */

/* Begin PBXTargetDependency section */
		512919A12FE0B7AB0006B6FD /* PBXTargetDependency */ = {
			isa = PBXTargetDependency;
			target = 512919922FE0B7A90006B6FD /* PlannerMac */;
			targetProxy = 512919A02FE0B7AB0006B6FD /* PBXContainerItemProxy */;
		};
		512919AB2FE0B7AB0006B6FD /* PBXTargetDependency */ = {
			isa = PBXTargetDependency;
			target = 512919922FE0B7A90006B6FD /* PlannerMac */;
			targetProxy = 512919AA2FE0B7AB0006B6FD /* PBXContainerItemProxy */;
		};
		514485042FC502D20062284B /* PBXTargetDependency */ = {
			isa = PBXTargetDependency;
			target = 514484EE2FC502D20062284B /* AvenorWidgetExtension */;
			targetProxy = 514485032FC502D20062284B /* PBXContainerItemProxy */;
		};
		514485892FC5E7950062284B /* PBXTargetDependency */ = {
			isa = PBXTargetDependency;
			target = 514484EE2FC502D20062284B /* AvenorWidgetExtension */;
			targetProxy = 514485882FC5E7950062284B /* PBXContainerItemProxy */;
		};
		517D9EC02FD3B0E800E89EBD /* PBXTargetDependency */ = {
			isa = PBXTargetDependency;
			target = C4AD5FF62F32E37D00A6E23A /* Planner */;
			targetProxy = 517D9EBF2FD3B0E800E89EBD /* PBXContainerItemProxy */;
		};
/* End PBXTargetDependency section */

/* Begin XCBuildConfiguration section */
		512919AF2FE0B7AB0006B6FD /* Debug */ = {
			isa = XCBuildConfiguration;
			buildSettings = {
				ASSETCATALOG_COMPILER_APPICON_NAME = AppIcon;
				ASSETCATALOG_COMPILER_GLOBAL_ACCENT_COLOR_NAME = AccentColor;
				CODE_SIGN_STYLE = Automatic;
				COMBINE_HIDPI_IMAGES = YES;
				CURRENT_PROJECT_VERSION = 1;
				DEVELOPMENT_TEAM = 6FS3766HMU;
				ENABLE_APP_SANDBOX = YES;
				ENABLE_HARDENED_RUNTIME = YES;
				ENABLE_PREVIEWS = YES;
				ENABLE_USER_SELECTED_FILES = readonly;
				GENERATE_INFOPLIST_FILE = YES;
				INFOPLIST_KEY_NSHumanReadableCopyright = "";
				LD_RUNPATH_SEARCH_PATHS = (
					"$(inherited)",
					"@executable_path/../Frameworks",
				);
				MACOSX_DEPLOYMENT_TARGET = 14.0;
				MARKETING_VERSION = 1.0;
				PRODUCT_BUNDLE_IDENTIFIER = com.remyavipindas.avenor.PlannerMac;
				PRODUCT_NAME = "$(TARGET_NAME)";
				REGISTER_APP_GROUPS = YES;
				SDKROOT = macosx;
				STRING_CATALOG_GENERATE_SYMBOLS = YES;
				SWIFT_APPROACHABLE_CONCURRENCY = YES;
				SWIFT_DEFAULT_ACTOR_ISOLATION = MainActor;
				SWIFT_EMIT_LOC_STRINGS = YES;
				SWIFT_UPCOMING_FEATURE_MEMBER_IMPORT_VISIBILITY = YES;
				SWIFT_VERSION = 5.0;
			};
			name = Debug;
		};
		512919B02FE0B7AB0006B6FD /* Release */ = {
			isa = XCBuildConfiguration;
			buildSettings = {
				ASSETCATALOG_COMPILER_APPICON_NAME = AppIcon;
				ASSETCATALOG_COMPILER_GLOBAL_ACCENT_COLOR_NAME = AccentColor;
				CODE_SIGN_STYLE = Automatic;
				COMBINE_HIDPI_IMAGES = YES;
				CURRENT_PROJECT_VERSION = 1;
				DEVELOPMENT_TEAM = 6FS3766HMU;
				ENABLE_APP_SANDBOX = YES;
				ENABLE_HARDENED_RUNTIME = YES;
				ENABLE_PREVIEWS = YES;
				ENABLE_USER_SELECTED_FILES = readonly;
				GENERATE_INFOPLIST_FILE = YES;
				INFOPLIST_KEY_NSHumanReadableCopyright = "";
				LD_RUNPATH_SEARCH_PATHS = (
					"$(inherited)",
					"@executable_path/../Frameworks",
				);
				MACOSX_DEPLOYMENT_TARGET = 14.0;
				MARKETING_VERSION = 1.0;
				PRODUCT_BUNDLE_IDENTIFIER = com.remyavipindas.avenor.PlannerMac;
				PRODUCT_NAME = "$(TARGET_NAME)";
				REGISTER_APP_GROUPS = YES;
				SDKROOT = macosx;
				STRING_CATALOG_GENERATE_SYMBOLS = YES;
				SWIFT_APPROACHABLE_CONCURRENCY = YES;
				SWIFT_DEFAULT_ACTOR_ISOLATION = MainActor;
				SWIFT_EMIT_LOC_STRINGS = YES;
				SWIFT_UPCOMING_FEATURE_MEMBER_IMPORT_VISIBILITY = YES;
				SWIFT_VERSION = 5.0;
			};
			name = Release;
		};
		512919B12FE0B7AB0006B6FD /* Debug */ = {
			isa = XCBuildConfiguration;
			buildSettings = {
				BUNDLE_LOADER = "$(TEST_HOST)";
				CODE_SIGN_STYLE = Automatic;
				CURRENT_PROJECT_VERSION = 1;
				DEVELOPMENT_TEAM = 6FS3766HMU;
				GENERATE_INFOPLIST_FILE = YES;
				MACOSX_DEPLOYMENT_TARGET = 27.0;
				MARKETING_VERSION = 1.0;
				PRODUCT_BUNDLE_IDENTIFIER = com.remyavipindas.avenor.PlannerMacTests;
				PRODUCT_NAME = "$(TARGET_NAME)";
				SDKROOT = macosx;
				STRING_CATALOG_GENERATE_SYMBOLS = NO;
				SWIFT_APPROACHABLE_CONCURRENCY = YES;
				SWIFT_EMIT_LOC_STRINGS = NO;
				SWIFT_UPCOMING_FEATURE_MEMBER_IMPORT_VISIBILITY = YES;
				SWIFT_VERSION = 5.0;
				TEST_HOST = "$(BUILT_PRODUCTS_DIR)/PlannerMac.app/$(BUNDLE_EXECUTABLE_FOLDER_PATH)/PlannerMac";
			};
			name = Debug;
		};
		512919B22FE0B7AB0006B6FD /* Release */ = {
			isa = XCBuildConfiguration;
			buildSettings = {
				BUNDLE_LOADER = "$(TEST_HOST)";
				CODE_SIGN_STYLE = Automatic;
				CURRENT_PROJECT_VERSION = 1;
				DEVELOPMENT_TEAM = 6FS3766HMU;
				GENERATE_INFOPLIST_FILE = YES;
				MACOSX_DEPLOYMENT_TARGET = 27.0;
				MARKETING_VERSION = 1.0;
				PRODUCT_BUNDLE_IDENTIFIER = com.remyavipindas.avenor.PlannerMacTests;
				PRODUCT_NAME = "$(TARGET_NAME)";
				SDKROOT = macosx;
				STRING_CATALOG_GENERATE_SYMBOLS = NO;
				SWIFT_APPROACHABLE_CONCURRENCY = YES;
				SWIFT_EMIT_LOC_STRINGS = NO;
				SWIFT_UPCOMING_FEATURE_MEMBER_IMPORT_VISIBILITY = YES;
				SWIFT_VERSION = 5.0;
				TEST_HOST = "$(BUILT_PRODUCTS_DIR)/PlannerMac.app/$(BUNDLE_EXECUTABLE_FOLDER_PATH)/PlannerMac";
			};
			name = Release;
		};
		512919B32FE0B7AB0006B6FD /* Debug */ = {
			isa = XCBuildConfiguration;
			buildSettings = {
				CODE_SIGN_STYLE = Automatic;
				CURRENT_PROJECT_VERSION = 1;
				DEVELOPMENT_TEAM = 6FS3766HMU;
				GENERATE_INFOPLIST_FILE = YES;
				MACOSX_DEPLOYMENT_TARGET = 27.0;
				MARKETING_VERSION = 1.0;
				PRODUCT_BUNDLE_IDENTIFIER = com.remyavipindas.avenor.PlannerMacUITests;
				PRODUCT_NAME = "$(TARGET_NAME)";
				SDKROOT = macosx;
				STRING_CATALOG_GENERATE_SYMBOLS = NO;
				SWIFT_APPROACHABLE_CONCURRENCY = YES;
				SWIFT_EMIT_LOC_STRINGS = NO;
				SWIFT_UPCOMING_FEATURE_MEMBER_IMPORT_VISIBILITY = YES;
				SWIFT_VERSION = 5.0;
				TEST_TARGET_NAME = PlannerMac;
			};
			name = Debug;
		};
		512919B42FE0B7AB0006B6FD /* Release */ = {
			isa = XCBuildConfiguration;
			buildSettings = {
				CODE_SIGN_STYLE = Automatic;
				CURRENT_PROJECT_VERSION = 1;
				DEVELOPMENT_TEAM = 6FS3766HMU;
				GENERATE_INFOPLIST_FILE = YES;
				MACOSX_DEPLOYMENT_TARGET = 27.0;
				MARKETING_VERSION = 1.0;
				PRODUCT_BUNDLE_IDENTIFIER = com.remyavipindas.avenor.PlannerMacUITests;
				PRODUCT_NAME = "$(TARGET_NAME)";
				SDKROOT = macosx;
				STRING_CATALOG_GENERATE_SYMBOLS = NO;
				SWIFT_APPROACHABLE_CONCURRENCY = YES;
				SWIFT_EMIT_LOC_STRINGS = NO;
				SWIFT_UPCOMING_FEATURE_MEMBER_IMPORT_VISIBILITY = YES;
				SWIFT_VERSION = 5.0;
				TEST_TARGET_NAME = PlannerMac;
			};
			name = Release;
		};
		514485082FC502D20062284B /* Debug */ = {
			isa = XCBuildConfiguration;
			buildSettings = {
				ASSETCATALOG_COMPILER_GLOBAL_ACCENT_COLOR_NAME = AccentColor;
				ASSETCATALOG_COMPILER_WIDGET_BACKGROUND_COLOR_NAME = WidgetBackground;
				CODE_SIGN_ENTITLEMENTS = AvenorWidgetExtension.entitlements;
				CODE_SIGN_IDENTITY = "Apple Development";
				CODE_SIGN_STYLE = Automatic;
				CURRENT_PROJECT_VERSION = 4;
				DEVELOPMENT_TEAM = 6FS3766HMU;
				GENERATE_INFOPLIST_FILE = YES;
				INFOPLIST_FILE = AvenorWidget/Info.plist;
				INFOPLIST_KEY_CFBundleDisplayName = AvenorWidget;
				INFOPLIST_KEY_NSHumanReadableCopyright = "";
				IPHONEOS_DEPLOYMENT_TARGET = 26.5;
				LD_RUNPATH_SEARCH_PATHS = (
					"$(inherited)",
					"@executable_path/Frameworks",
					"@executable_path/../../Frameworks",
				);
				MARKETING_VERSION = 1.4;
				PRODUCT_BUNDLE_IDENTIFIER = com.remyavipindas.avenor.AvenorWidget;
				PRODUCT_NAME = "$(TARGET_NAME)";
				SKIP_INSTALL = YES;
				STRING_CATALOG_GENERATE_SYMBOLS = YES;
				SWIFT_APPROACHABLE_CONCURRENCY = YES;
				SWIFT_EMIT_LOC_STRINGS = YES;
				SWIFT_UPCOMING_FEATURE_MEMBER_IMPORT_VISIBILITY = YES;
				SWIFT_VERSION = 5.0;
				TARGETED_DEVICE_FAMILY = "1,2";
			};
			name = Debug;
		};
		514485092FC502D20062284B /* Release */ = {
			isa = XCBuildConfiguration;
			buildSettings = {
				ASSETCATALOG_COMPILER_GLOBAL_ACCENT_COLOR_NAME = AccentColor;
				ASSETCATALOG_COMPILER_WIDGET_BACKGROUND_COLOR_NAME = WidgetBackground;
				CODE_SIGN_ENTITLEMENTS = AvenorWidgetExtension.entitlements;
				CODE_SIGN_IDENTITY = "Apple Development";
				CODE_SIGN_STYLE = Automatic;
				CURRENT_PROJECT_VERSION = 4;
				DEVELOPMENT_TEAM = 6FS3766HMU;
				GENERATE_INFOPLIST_FILE = YES;
				INFOPLIST_FILE = AvenorWidget/Info.plist;
				INFOPLIST_KEY_CFBundleDisplayName = AvenorWidget;
				INFOPLIST_KEY_NSHumanReadableCopyright = "";
				IPHONEOS_DEPLOYMENT_TARGET = 26.5;
				LD_RUNPATH_SEARCH_PATHS = (
					"$(inherited)",
					"@executable_path/Frameworks",
					"@executable_path/../../Frameworks",
				);
				MARKETING_VERSION = 1.4;
				PRODUCT_BUNDLE_IDENTIFIER = com.remyavipindas.avenor.AvenorWidget;
				PRODUCT_NAME = "$(TARGET_NAME)";
				SKIP_INSTALL = YES;
				STRING_CATALOG_GENERATE_SYMBOLS = YES;
				SWIFT_APPROACHABLE_CONCURRENCY = YES;
				SWIFT_EMIT_LOC_STRINGS = YES;
				SWIFT_UPCOMING_FEATURE_MEMBER_IMPORT_VISIBILITY = YES;
				SWIFT_VERSION = 5.0;
				TARGETED_DEVICE_FAMILY = "1,2";
			};
			name = Release;
		};
		517D9EC12FD3B0E800E89EBD /* Debug */ = {
			isa = XCBuildConfiguration;
			buildSettings = {
				BUNDLE_LOADER = "$(TEST_HOST)";
				CODE_SIGN_STYLE = Automatic;
				CURRENT_PROJECT_VERSION = 1;
				DEVELOPMENT_TEAM = 6FS3766HMU;
				GENERATE_INFOPLIST_FILE = YES;
				IPHONEOS_DEPLOYMENT_TARGET = 26.5;
				MARKETING_VERSION = 1.0;
				PRODUCT_BUNDLE_IDENTIFIER = com.remyavipindas.avenor.PlannerTests;
				PRODUCT_NAME = "$(TARGET_NAME)";
				STRING_CATALOG_GENERATE_SYMBOLS = NO;
				SWIFT_APPROACHABLE_CONCURRENCY = YES;
				SWIFT_EMIT_LOC_STRINGS = NO;
				SWIFT_UPCOMING_FEATURE_MEMBER_IMPORT_VISIBILITY = YES;
				SWIFT_VERSION = 5.0;
				TARGETED_DEVICE_FAMILY = "1,2";
				TEST_HOST = "$(BUILT_PRODUCTS_DIR)/Avenor.app/$(BUNDLE_EXECUTABLE_FOLDER_PATH)/Avenor";
			};
			name = Debug;
		};
		517D9EC22FD3B0E800E89EBD /* Release */ = {
			isa = XCBuildConfiguration;
			buildSettings = {
				BUNDLE_LOADER = "$(TEST_HOST)";
				CODE_SIGN_STYLE = Automatic;
				CURRENT_PROJECT_VERSION = 1;
				DEVELOPMENT_TEAM = 6FS3766HMU;
				ENABLE_TESTABILITY = YES;
				GENERATE_INFOPLIST_FILE = YES;
				IPHONEOS_DEPLOYMENT_TARGET = 26.5;
				MARKETING_VERSION = 1.0;
				PRODUCT_BUNDLE_IDENTIFIER = com.remyavipindas.avenor.PlannerTests;
				PRODUCT_NAME = "$(TARGET_NAME)";
				STRING_CATALOG_GENERATE_SYMBOLS = NO;
				SWIFT_APPROACHABLE_CONCURRENCY = YES;
				SWIFT_EMIT_LOC_STRINGS = NO;
				SWIFT_UPCOMING_FEATURE_MEMBER_IMPORT_VISIBILITY = YES;
				SWIFT_VERSION = 5.0;
				TARGETED_DEVICE_FAMILY = "1,2";
				TEST_HOST = "$(BUILT_PRODUCTS_DIR)/Avenor.app/$(BUNDLE_EXECUTABLE_FOLDER_PATH)/Avenor";
			};
			name = Release;
		};
		C4AD60002F32E37D00A6E23A /* Debug */ = {
			isa = XCBuildConfiguration;
			buildSettings = {
				ALWAYS_SEARCH_USER_PATHS = NO;
				ASSETCATALOG_COMPILER_GENERATE_SWIFT_ASSET_SYMBOL_EXTENSIONS = YES;
				CLANG_ANALYZER_NONNULL = YES;
				CLANG_ANALYZER_NUMBER_OBJECT_CONVERSION = YES_AGGRESSIVE;
				CLANG_CXX_LANGUAGE_STANDARD = "gnu++20";
				CLANG_ENABLE_MODULES = YES;
				CLANG_ENABLE_OBJC_ARC = YES;
				CLANG_ENABLE_OBJC_WEAK = YES;
				CLANG_WARN_BLOCK_CAPTURE_AUTORELEASING = YES;
				CLANG_WARN_BOOL_CONVERSION = YES;
				CLANG_WARN_COMMA = YES;
				CLANG_WARN_CONSTANT_CONVERSION = YES;
				CLANG_WARN_DEPRECATED_OBJC_IMPLEMENTATIONS = YES;
				CLANG_WARN_DIRECT_OBJC_ISA_USAGE = YES_ERROR;
				CLANG_WARN_DOCUMENTATION_COMMENTS = YES;
				CLANG_WARN_EMPTY_BODY = YES;
				CLANG_WARN_ENUM_CONVERSION = YES;
				CLANG_WARN_INFINITE_RECURSION = YES;
				CLANG_WARN_INT_CONVERSION = YES;
				CLANG_WARN_NON_LITERAL_NULL_CONVERSION = YES;
				CLANG_WARN_OBJC_IMPLICIT_RETAIN_SELF = YES;
				CLANG_WARN_OBJC_LITERAL_CONVERSION = YES;
				CLANG_WARN_OBJC_ROOT_CLASS = YES_ERROR;
				CLANG_WARN_QUOTED_INCLUDE_IN_FRAMEWORK_HEADER = YES;
				CLANG_WARN_RANGE_LOOP_ANALYSIS = YES;
				CLANG_WARN_STRICT_PROTOTYPES = YES;
				CLANG_WARN_SUSPICIOUS_MOVE = YES;
				CLANG_WARN_UNGUARDED_AVAILABILITY = YES_AGGRESSIVE;
				CLANG_WARN_UNREACHABLE_CODE = YES;
				CLANG_WARN__DUPLICATE_METHOD_MATCH = YES;
				COPY_PHASE_STRIP = NO;
				DEBUG_INFORMATION_FORMAT = dwarf;
				DEVELOPMENT_TEAM = GXN93E6VNZ;
				ENABLE_STRICT_OBJC_MSGSEND = YES;
				ENABLE_TESTABILITY = YES;
				ENABLE_USER_SCRIPT_SANDBOXING = YES;
				GCC_C_LANGUAGE_STANDARD = gnu17;
				GCC_DYNAMIC_NO_PIC = NO;
				GCC_NO_COMMON_BLOCKS = YES;
				GCC_OPTIMIZATION_LEVEL = 0;
				GCC_PREPROCESSOR_DEFINITIONS = (
					"DEBUG=1",
					"$(inherited)",
				);
				GCC_WARN_64_TO_32_BIT_CONVERSION = YES;
				GCC_WARN_ABOUT_RETURN_TYPE = YES_ERROR;
				GCC_WARN_UNDECLARED_SELECTOR = YES;
				GCC_WARN_UNINITIALIZED_AUTOS = YES_AGGRESSIVE;
				GCC_WARN_UNUSED_FUNCTION = YES;
				GCC_WARN_UNUSED_VARIABLE = YES;
				IPHONEOS_DEPLOYMENT_TARGET = 26.2;
				LOCALIZATION_PREFERS_STRING_CATALOGS = YES;
				MTL_ENABLE_DEBUG_INFO = INCLUDE_SOURCE;
				MTL_FAST_MATH = YES;
				ONLY_ACTIVE_ARCH = YES;
				SDKROOT = iphoneos;
				STRING_CATALOG_GENERATE_SYMBOLS = YES;
				SWIFT_ACTIVE_COMPILATION_CONDITIONS = "DEBUG $(inherited)";
				SWIFT_OPTIMIZATION_LEVEL = "-Onone";
			};
			name = Debug;
		};
		C4AD60012F32E37D00A6E23A /* Release */ = {
			isa = XCBuildConfiguration;
			buildSettings = {
				ALWAYS_SEARCH_USER_PATHS = NO;
				ASSETCATALOG_COMPILER_GENERATE_SWIFT_ASSET_SYMBOL_EXTENSIONS = YES;
				CLANG_ANALYZER_NONNULL = YES;
				CLANG_ANALYZER_NUMBER_OBJECT_CONVERSION = YES_AGGRESSIVE;
				CLANG_CXX_LANGUAGE_STANDARD = "gnu++20";
				CLANG_ENABLE_MODULES = YES;
				CLANG_ENABLE_OBJC_ARC = YES;
				CLANG_ENABLE_OBJC_WEAK = YES;
				CLANG_WARN_BLOCK_CAPTURE_AUTORELEASING = YES;
				CLANG_WARN_BOOL_CONVERSION = YES;
				CLANG_WARN_COMMA = YES;
				CLANG_WARN_CONSTANT_CONVERSION = YES;
				CLANG_WARN_DEPRECATED_OBJC_IMPLEMENTATIONS = YES;
				CLANG_WARN_DIRECT_OBJC_ISA_USAGE = YES_ERROR;
				CLANG_WARN_DOCUMENTATION_COMMENTS = YES;
				CLANG_WARN_EMPTY_BODY = YES;
				CLANG_WARN_ENUM_CONVERSION = YES;
				CLANG_WARN_INFINITE_RECURSION = YES;
				CLANG_WARN_INT_CONVERSION = YES;
				CLANG_WARN_NON_LITERAL_NULL_CONVERSION = YES;
				CLANG_WARN_OBJC_IMPLICIT_RETAIN_SELF = YES;
				CLANG_WARN_OBJC_LITERAL_CONVERSION = YES;
				CLANG_WARN_OBJC_ROOT_CLASS = YES_ERROR;
				CLANG_WARN_QUOTED_INCLUDE_IN_FRAMEWORK_HEADER = YES;
				CLANG_WARN_RANGE_LOOP_ANALYSIS = YES;
				CLANG_WARN_STRICT_PROTOTYPES = YES;
				CLANG_WARN_SUSPICIOUS_MOVE = YES;
				CLANG_WARN_UNGUARDED_AVAILABILITY = YES_AGGRESSIVE;
				CLANG_WARN_UNREACHABLE_CODE = YES;
				CLANG_WARN__DUPLICATE_METHOD_MATCH = YES;
				COPY_PHASE_STRIP = NO;
				DEBUG_INFORMATION_FORMAT = "dwarf-with-dsym";
				DEVELOPMENT_TEAM = GXN93E6VNZ;
				ENABLE_NS_ASSERTIONS = NO;
				ENABLE_STRICT_OBJC_MSGSEND = YES;
				ENABLE_USER_SCRIPT_SANDBOXING = YES;
				GCC_C_LANGUAGE_STANDARD = gnu17;
				GCC_NO_COMMON_BLOCKS = YES;
				GCC_WARN_64_TO_32_BIT_CONVERSION = YES;
				GCC_WARN_ABOUT_RETURN_TYPE = YES_ERROR;
				GCC_WARN_UNDECLARED_SELECTOR = YES;
				GCC_WARN_UNINITIALIZED_AUTOS = YES_AGGRESSIVE;
				GCC_WARN_UNUSED_FUNCTION = YES;
				GCC_WARN_UNUSED_VARIABLE = YES;
				IPHONEOS_DEPLOYMENT_TARGET = 26.2;
				LOCALIZATION_PREFERS_STRING_CATALOGS = YES;
				MTL_ENABLE_DEBUG_INFO = NO;
				MTL_FAST_MATH = YES;
				SDKROOT = iphoneos;
				STRING_CATALOG_GENERATE_SYMBOLS = YES;
				SWIFT_COMPILATION_MODE = wholemodule;
				VALIDATE_PRODUCT = YES;
			};
			name = Release;
		};
		C4AD60032F32E37D00A6E23A /* Debug */ = {
			isa = XCBuildConfiguration;
			buildSettings = {
				ASSETCATALOG_COMPILER_APPICON_NAME = AppIcon;
				ASSETCATALOG_COMPILER_GLOBAL_ACCENT_COLOR_NAME = AccentColor;
				ASSETCATALOG_COMPILER_INCLUDE_ALL_APPICON_ASSETS = YES;
				CODE_SIGN_ENTITLEMENTS = Planner/Planner.entitlements;
				CODE_SIGN_IDENTITY = "Apple Development";
				CODE_SIGN_STYLE = Automatic;
				CURRENT_PROJECT_VERSION = 4;
				DEVELOPMENT_TEAM = 6FS3766HMU;
				ENABLE_PREVIEWS = YES;
				GENERATE_INFOPLIST_FILE = YES;
				INFOPLIST_FILE = Planner/Info.plist;
				INFOPLIST_KEY_CFBundleDisplayName = Avenor;
				INFOPLIST_KEY_LSApplicationCategoryType = "public.app-category.productivity";
				INFOPLIST_KEY_NSSupportsLiveActivities = YES;
				INFOPLIST_KEY_UIApplicationSceneManifest_Generation = YES;
				INFOPLIST_KEY_UIApplicationSupportsIndirectInputEvents = YES;
				INFOPLIST_KEY_UILaunchScreen_Generation = YES;
				INFOPLIST_KEY_UISupportedInterfaceOrientations_iPad = "UIInterfaceOrientationPortrait UIInterfaceOrientationPortraitUpsideDown UIInterfaceOrientationLandscapeLeft UIInterfaceOrientationLandscapeRight";
				INFOPLIST_KEY_UISupportedInterfaceOrientations_iPhone = "UIInterfaceOrientationPortrait UIInterfaceOrientationLandscapeLeft UIInterfaceOrientationLandscapeRight";
				IPHONEOS_DEPLOYMENT_TARGET = 17.6;
				LD_RUNPATH_SEARCH_PATHS = (
					"$(inherited)",
					"@executable_path/Frameworks",
				);
				MARKETING_VERSION = 1.4;
				PRODUCT_BUNDLE_IDENTIFIER = com.remyavipindas.avenor;
				PRODUCT_NAME = Avenor;
				PROVISIONING_PROFILE_SPECIFIER = "";
				STRING_CATALOG_GENERATE_SYMBOLS = YES;
				SWIFT_APPROACHABLE_CONCURRENCY = YES;
				SWIFT_DEFAULT_ACTOR_ISOLATION = MainActor;
				SWIFT_EMIT_LOC_STRINGS = YES;
				SWIFT_UPCOMING_FEATURE_MEMBER_IMPORT_VISIBILITY = YES;
				SWIFT_VERSION = 5.0;
				TARGETED_DEVICE_FAMILY = "1,2";
			};
			name = Debug;
		};
		C4AD60042F32E37D00A6E23A /* Release */ = {
			isa = XCBuildConfiguration;
			buildSettings = {
				ASSETCATALOG_COMPILER_APPICON_NAME = AppIcon;
				ASSETCATALOG_COMPILER_GLOBAL_ACCENT_COLOR_NAME = AccentColor;
				ASSETCATALOG_COMPILER_INCLUDE_ALL_APPICON_ASSETS = YES;
				CODE_SIGN_ENTITLEMENTS = Planner/Planner.entitlements;
				CODE_SIGN_IDENTITY = "Apple Development";
				CODE_SIGN_STYLE = Automatic;
				CURRENT_PROJECT_VERSION = 4;
				DEVELOPMENT_TEAM = 6FS3766HMU;
				ENABLE_PREVIEWS = YES;
				ENABLE_TESTABILITY = YES;
				GENERATE_INFOPLIST_FILE = YES;
				INFOPLIST_FILE = Planner/Info.plist;
				INFOPLIST_KEY_CFBundleDisplayName = Avenor;
				INFOPLIST_KEY_LSApplicationCategoryType = "public.app-category.productivity";
				INFOPLIST_KEY_NSSupportsLiveActivities = YES;
				INFOPLIST_KEY_UIApplicationSceneManifest_Generation = YES;
				INFOPLIST_KEY_UIApplicationSupportsIndirectInputEvents = YES;
				INFOPLIST_KEY_UILaunchScreen_Generation = YES;
				INFOPLIST_KEY_UISupportedInterfaceOrientations_iPad = "UIInterfaceOrientationPortrait UIInterfaceOrientationPortraitUpsideDown UIInterfaceOrientationLandscapeLeft UIInterfaceOrientationLandscapeRight";
				INFOPLIST_KEY_UISupportedInterfaceOrientations_iPhone = "UIInterfaceOrientationPortrait UIInterfaceOrientationLandscapeLeft UIInterfaceOrientationLandscapeRight";
				IPHONEOS_DEPLOYMENT_TARGET = 17.6;
				LD_RUNPATH_SEARCH_PATHS = (
					"$(inherited)",
					"@executable_path/Frameworks",
				);
				MARKETING_VERSION = 1.4;
				PRODUCT_BUNDLE_IDENTIFIER = com.remyavipindas.avenor;
				PRODUCT_NAME = Avenor;
				PROVISIONING_PROFILE_SPECIFIER = "";
				STRING_CATALOG_GENERATE_SYMBOLS = YES;
				SWIFT_APPROACHABLE_CONCURRENCY = YES;
				SWIFT_DEFAULT_ACTOR_ISOLATION = MainActor;
				SWIFT_EMIT_LOC_STRINGS = YES;
				SWIFT_UPCOMING_FEATURE_MEMBER_IMPORT_VISIBILITY = YES;
				SWIFT_VERSION = 5.0;
				TARGETED_DEVICE_FAMILY = "1,2";
			};
			name = Release;
		};
/* End XCBuildConfiguration section */

/* Begin XCConfigurationList section */
		512919B52FE0B7AB0006B6FD /* Build configuration list for PBXNativeTarget "PlannerMac" */ = {
			isa = XCConfigurationList;
			buildConfigurations = (
				512919AF2FE0B7AB0006B6FD /* Debug */,
				512919B02FE0B7AB0006B6FD /* Release */,
			);
			defaultConfigurationIsVisible = 0;
			defaultConfigurationName = Release;
		};
		512919B62FE0B7AB0006B6FD /* Build configuration list for PBXNativeTarget "PlannerMacTests" */ = {
			isa = XCConfigurationList;
			buildConfigurations = (
				512919B12FE0B7AB0006B6FD /* Debug */,
				512919B22FE0B7AB0006B6FD /* Release */,
			);
			defaultConfigurationIsVisible = 0;
			defaultConfigurationName = Release;
		};
		512919B72FE0B7AB0006B6FD /* Build configuration list for PBXNativeTarget "PlannerMacUITests" */ = {
			isa = XCConfigurationList;
			buildConfigurations = (
				512919B32FE0B7AB0006B6FD /* Debug */,
				512919B42FE0B7AB0006B6FD /* Release */,
			);
			defaultConfigurationIsVisible = 0;
			defaultConfigurationName = Release;
		};
		514485072FC502D20062284B /* Build configuration list for PBXNativeTarget "AvenorWidgetExtension" */ = {
			isa = XCConfigurationList;
			buildConfigurations = (
				514485082FC502D20062284B /* Debug */,
				514485092FC502D20062284B /* Release */,
			);
			defaultConfigurationIsVisible = 0;
			defaultConfigurationName = Release;
		};
		517D9EC32FD3B0E800E89EBD /* Build configuration list for PBXNativeTarget "PlannerTests" */ = {
			isa = XCConfigurationList;
			buildConfigurations = (
				517D9EC12FD3B0E800E89EBD /* Debug */,
				517D9EC22FD3B0E800E89EBD /* Release */,
			);
			defaultConfigurationIsVisible = 0;
			defaultConfigurationName = Release;
		};
		C4AD5FF22F32E37D00A6E23A /* Build configuration list for PBXProject "Planner" */ = {
			isa = XCConfigurationList;
			buildConfigurations = (
				C4AD60002F32E37D00A6E23A /* Debug */,
				C4AD60012F32E37D00A6E23A /* Release */,
			);
			defaultConfigurationIsVisible = 0;
			defaultConfigurationName = Release;
		};
		C4AD60022F32E37D00A6E23A /* Build configuration list for PBXNativeTarget "Planner" */ = {
			isa = XCConfigurationList;
			buildConfigurations = (
				C4AD60032F32E37D00A6E23A /* Debug */,
				C4AD60042F32E37D00A6E23A /* Release */,
			);
			defaultConfigurationIsVisible = 0;
			defaultConfigurationName = Release;
		};
/* End XCConfigurationList section */
	};
	rootObject = C4AD5FEF2F32E37D00A6E23A /* Project object */;
}
